
Microsoft Visual Studio Solution File, Format Version 12.00
# Visual Studio 14
VisualStudioVersion = 14.0.25420.1
MinimumVisualStudioVersion = 10.0.40219.1
Project("{FAE04EC0-301F-11D3-BF4B-00C04F79EFBC}") = "GovHistoryWeb", "GovHistoryWeb\GovHistoryWeb.csproj", "{3CBABE8C-8A7B-4BCB-AA96-2AC22E857100}"
EndProject
Project("{FAE04EC0-301F-11D3-BF4B-00C04F79EFBC}") = "GovHistoryRepository", "GovHistoryRepository\GovHistoryRepository.csproj", "{A27285B9-AAAB-401C-AC87-11BF4CCFF240}"
EndProject
Global
	GlobalSection(SolutionConfigurationPlatforms) = preSolution
		Debug|Any CPU = Debug|Any CPU
		Release|Any CPU = Release|Any CPU
	EndGlobalSection
	GlobalSection(ProjectConfigurationPlatforms) = postSolution
		{3CBABE8C-8A7B-4BCB-AA96-2AC22E857100}.Debug|Any CPU.ActiveCfg = Debug|Any CPU
		{3CBABE8C-8A7B-4BCB-AA96-2AC22E857100}.Debug|Any CPU.Build.0 = Debug|Any CPU
		{3CBABE8C-8A7B-4BCB-AA96-2AC22E857100}.Release|Any CPU.ActiveCfg = Release|Any CPU
		{3CBABE8C-8A7B-4BCB-AA96-2AC22E857100}.Release|Any CPU.Build.0 = Release|Any CPU
		{A27285B9-AAAB-401C-AC87-11BF4CCFF240}.Debug|Any CPU.ActiveCfg = Debug|Any CPU
		{A27285B9-AAAB-401C-AC87-11BF4CCFF240}.Debug|Any CPU.Build.0 = Debug|Any CPU
		{A27285B9-AAAB-401C-AC87-11BF4CCFF240}.Release|Any CPU.ActiveCfg = Release|Any CPU
		{A27285B9-AAAB-401C-AC87-11BF4CCFF240}.Release|Any CPU.Build.0 = Release|Any CPU
	EndGlobalSection
	GlobalSection(SolutionProperties) = preSolution
		HideSolutionNode = FALSE
	EndGlobalSection
EndGlobal
